github.com/cenkalti/backoff/v4 v4.1.2 h1:6Yo7N8UP2K6LWZnW94DLVSSrbobcWdVzAYOisuDPIFo=
github.com/cenkalti/backoff/v4 v4.1.2/go.mod h1:scbssz8iZGpm3xbr14ovlUdkxfGXNInqkPWOWmG2CLw=
github.com/dustin/go-humanize v1.0.0 h1:VSnTsYCnlFHaM2/igO1h6X3HA71jcobQuxemgkq4zYo=
github.com/dustin/go-humanize v1.0.0/go.mod h1:HtrtbFcZ19U5GC7JDqmcUSB87Iq5E25KnS6fMYU6eOk=
github.com/elastic/elastic-transport-go/v8 v8.0.0-alpha h1:SW9xcMVxx4Nv9oRm5rQxzAMAatwiZV8xROP2a48y45Q=
github.com/elastic/elastic-transport-go/v8 v8.0.0-alpha/go.mod h1:87Tcz8IVNe6rVSLdBux1o/PEItLtyabHU3naC7IoqKI=
github.com/elastic/go-elasticsearch/v8 v8.0.0 h1:Hte+pgoEZI88j/sQx7u9vK9SqisvJYkYMmxDnQXiJyM=
github.com/elastic/go-elasticsearch/v8 v8.0.0/go.mod h1:8NCWP26meGbncX+R9sxo2JD8IqBjRTuS7yXMstHpd40=
